
Microsoft Visual Studio Solution File, Format Version 12.00
# Visual Studio Version 17
VisualStudioVersion = 17.1.32421.90
MinimumVisualStudioVersion = 10.0.40219.1
Project("{F184B08F-C81C-45F6-A57F-5ABD9991F28F}") = "Website Browser", "Website Browser\Website Browser.vbproj", "{584474DA-40F7-4EED-8535-5F1258C62B9E}"
EndProject
Global
	GlobalSection(SolutionConfigurationPlatforms) = preSolution
		Debug|Any CPU = Debug|Any CPU
		Release|Any CPU = Release|Any CPU
	EndGlobalSection
	GlobalSection(ProjectConfigurationPlatforms) = postSolution
		{584474DA-40F7-4EED-8535-5F1258C62B9E}.Debug|Any CPU.ActiveCfg = Debug|Any CPU
		{584474DA-40F7-4EED-8535-5F1258C62B9E}.Debug|Any CPU.Build.0 = Debug|Any CPU
		{584474DA-40F7-4EED-8535-5F1258C62B9E}.Release|Any CPU.ActiveCfg = Release|Any CPU
		{584474DA-40F7-4EED-8535-5F1258C62B9E}.Release|Any CPU.Build.0 = Release|Any CPU
	EndGlobalSection
	GlobalSection(SolutionProperties) = preSolution
		HideSolutionNode = FALSE
	EndGlobalSection
	GlobalSection(ExtensibilityGlobals) = postSolution
		SolutionGuid = {0131870F-EAFB-48B1-8A74-65EB6DAE6A0F}
	EndGlobalSection
EndGlobal
